
Microsoft Visual Studio Solution File, Format Version 12.00
# Visual Studio Version 17
VisualStudioVersion = 17.6.33801.468
MinimumVisualStudioVersion = 10.0.40219.1
Project("{9A19103F-16F7-4668-BE54-9A1E7A4F7556}") = "Planenprogramm", "Planenprogramm\Planenprogramm.csproj", "{0587E99A-B7A7-451B-B381-630D7574E243}"
EndProject
Project("{2150E333-8FDC-42A3-9474-1A3956D46DE8}") = "Solution Items", "Solution Items", "{139D5E1B-CCA9-4362-A885-9C7B54BB7E7B}"
	ProjectSection(SolutionItems) = preProject
		ReadMe.md = ReadMe.md
	EndProjectSection
EndProject
Project("{9A19103F-16F7-4668-BE54-9A1E7A4F7556}") = "TarpsApp", "TarpsApp\TarpsApp.csproj", "{E99EAEA3-8DBC-4B71-AC2A-45E3576BADFE}"
EndProject
Project("{FAE04EC0-301F-11D3-BF4B-00C04F79EFBC}") = "Tarps.Datalayer", "Tarps.Datalayer\Tarps.Datalayer.csproj", "{22675618-CD6D-4AD9-AB9F-BCFCC19818B5}"
EndProject
Project("{FAE04EC0-301F-11D3-BF4B-00C04F79EFBC}") = "Tarps.WebAPI", "Tarps.WebAPI\Tarps.WebAPI.csproj", "{E2067B07-0729-42A4-A86C-348C62039337}"
EndProject
Global
	GlobalSection(SolutionConfigurationPlatforms) = preSolution
		Debug|Any CPU = Debug|Any CPU
		Release|Any CPU = Release|Any CPU
	EndGlobalSection
	GlobalSection(ProjectConfigurationPlatforms) = postSolution
		{0587E99A-B7A7-451B-B381-630D7574E243}.Debug|Any CPU.ActiveCfg = Debug|Any CPU
		{0587E99A-B7A7-451B-B381-630D7574E243}.Debug|Any CPU.Build.0 = Debug|Any CPU
		{0587E99A-B7A7-451B-B381-630D7574E243}.Release|Any CPU.ActiveCfg = Release|Any CPU
		{0587E99A-B7A7-451B-B381-630D7574E243}.Release|Any CPU.Build.0 = Release|Any CPU
		{E99EAEA3-8DBC-4B71-AC2A-45E3576BADFE}.Debug|Any CPU.ActiveCfg = Debug|Any CPU
		{E99EAEA3-8DBC-4B71-AC2A-45E3576BADFE}.Debug|Any CPU.Build.0 = Debug|Any CPU
		{E99EAEA3-8DBC-4B71-AC2A-45E3576BADFE}.Release|Any CPU.ActiveCfg = Release|Any CPU
		{E99EAEA3-8DBC-4B71-AC2A-45E3576BADFE}.Release|Any CPU.Build.0 = Release|Any CPU
		{22675618-CD6D-4AD9-AB9F-BCFCC19818B5}.Debug|Any CPU.ActiveCfg = Debug|Any CPU
		{22675618-CD6D-4AD9-AB9F-BCFCC19818B5}.Debug|Any CPU.Build.0 = Debug|Any CPU
		{22675618-CD6D-4AD9-AB9F-BCFCC19818B5}.Release|Any CPU.ActiveCfg = Release|Any CPU
		{22675618-CD6D-4AD9-AB9F-BCFCC19818B5}.Release|Any CPU.Build.0 = Release|Any CPU
		{E2067B07-0729-42A4-A86C-348C62039337}.Debug|Any CPU.ActiveCfg = Debug|Any CPU
		{E2067B07-0729-42A4-A86C-348C62039337}.Debug|Any CPU.Build.0 = Debug|Any CPU
		{E2067B07-0729-42A4-A86C-348C62039337}.Release|Any CPU.ActiveCfg = Release|Any CPU
		{E2067B07-0729-42A4-A86C-348C62039337}.Release|Any CPU.Build.0 = Release|Any CPU
	EndGlobalSection
	GlobalSection(SolutionProperties) = preSolution
		HideSolutionNode = FALSE
	EndGlobalSection
	GlobalSection(ExtensibilityGlobals) = postSolution
		SolutionGuid = {0F8D009A-1642-4F79-98DB-F0D517AE7A6D}
	EndGlobalSection
EndGlobal
